
Microsoft Visual Studio Solution File, Format Version 12.00
# Visual Studio Version 17
VisualStudioVersion = 17.10.34916.146
MinimumVisualStudioVersion = 10.0.40219.1
Project("{FAE04EC0-301F-11D3-BF4B-00C04F79EFBC}") = "LuhnValidation", "LuhnValidation.Web\LuhnValidation.csproj", "{5D46233E-75C8-4F71-9000-60A38B96F5C8}"
EndProject
Project("{FAE04EC0-301F-11D3-BF4B-00C04F79EFBC}") = "LuhnValidationDoodle.DataAccess", "LuhnValidationDoodle.DataAccess\LuhnValidationDoodle.DataAccess.csproj", "{2235799E-BE27-40CF-A796-98C736BE8B4C}"
EndProject
Project("{FAE04EC0-301F-11D3-BF4B-00C04F79EFBC}") = "LuhnValidationDoodle.Domain", "LuhnValidationDoodle.Domain\LuhnValidationDoodle.Domain.csproj", "{CBBA545A-4688-4149-BEE9-4B1E4727AC12}"
EndProject
Project("{FAE04EC0-301F-11D3-BF4B-00C04F79EFBC}") = "LuhnValidationTests", "LuhnValidationTests\LuhnValidationTests.csproj", "{6F19139E-3A17-4007-9B6B-5EB400628241}"
EndProject
Project("{2150E333-8FDC-42A3-9474-1A3956D46DE8}") = "Documentation", "Documentation", "{52B58675-8AE7-4ECD-A28D-82AFF150E7CE}"
	ProjectSection(SolutionItems) = preProject
		..\..\..\Desktop\Take a credit card number and perform luhn validation.pdf = ..\..\..\Desktop\Take a credit card number and perform luhn validation.pdf
	EndProjectSection
EndProject
Global
	GlobalSection(SolutionConfigurationPlatforms) = preSolution
		Debug|Any CPU = Debug|Any CPU
		Release|Any CPU = Release|Any CPU
	EndGlobalSection
	GlobalSection(ProjectConfigurationPlatforms) = postSolution
		{5D46233E-75C8-4F71-9000-60A38B96F5C8}.Debug|Any CPU.ActiveCfg = Debug|Any CPU
		{5D46233E-75C8-4F71-9000-60A38B96F5C8}.Debug|Any CPU.Build.0 = Debug|Any CPU
		{5D46233E-75C8-4F71-9000-60A38B96F5C8}.Release|Any CPU.ActiveCfg = Release|Any CPU
		{5D46233E-75C8-4F71-9000-60A38B96F5C8}.Release|Any CPU.Build.0 = Release|Any CPU
		{2235799E-BE27-40CF-A796-98C736BE8B4C}.Debug|Any CPU.ActiveCfg = Debug|Any CPU
		{2235799E-BE27-40CF-A796-98C736BE8B4C}.Debug|Any CPU.Build.0 = Debug|Any CPU
		{2235799E-BE27-40CF-A796-98C736BE8B4C}.Release|Any CPU.ActiveCfg = Release|Any CPU
		{2235799E-BE27-40CF-A796-98C736BE8B4C}.Release|Any CPU.Build.0 = Release|Any CPU
		{CBBA545A-4688-4149-BEE9-4B1E4727AC12}.Debug|Any CPU.ActiveCfg = Debug|Any CPU
		{CBBA545A-4688-4149-BEE9-4B1E4727AC12}.Debug|Any CPU.Build.0 = Debug|Any CPU
		{CBBA545A-4688-4149-BEE9-4B1E4727AC12}.Release|Any CPU.ActiveCfg = Release|Any CPU
		{CBBA545A-4688-4149-BEE9-4B1E4727AC12}.Release|Any CPU.Build.0 = Release|Any CPU
		{6F19139E-3A17-4007-9B6B-5EB400628241}.Debug|Any CPU.ActiveCfg = Debug|Any CPU
		{6F19139E-3A17-4007-9B6B-5EB400628241}.Debug|Any CPU.Build.0 = Debug|Any CPU
		{6F19139E-3A17-4007-9B6B-5EB400628241}.Release|Any CPU.ActiveCfg = Release|Any CPU
		{6F19139E-3A17-4007-9B6B-5EB400628241}.Release|Any CPU.Build.0 = Release|Any CPU
	EndGlobalSection
	GlobalSection(SolutionProperties) = preSolution
		HideSolutionNode = FALSE
	EndGlobalSection
	GlobalSection(ExtensibilityGlobals) = postSolution
		SolutionGuid = {60B6BF29-4827-4620-8474-5E2270CAD076}
	EndGlobalSection
EndGlobal
